#include <iostream>
#include <windows.h> // !!!!!!!тут я пытался руский язык добавить ( но забыл как )!!!!!
using namespace std;

int main()
{
    //              сумма разность произвидение                                   1 дз

   /* double a, b;
    cout << "введите 2 числа  :";
    cin >> a >> b;

    cout << "сумма :" << a + b << "\n";
    cout << "разница :" << a - b << "\n";
    cout << "произвидение :" << a * b << "\n";*/

    //                       % от числа                                            2 дз
    /*int num, procent;
    cout << "накиньте число и процент :";
    cin >> num >> procent;
    cout << "Результат" << (num * procent) / 100 << "\n";*/

    //                    площадь             ширина высота прямоугольник         3 дз             
    /*int width, hight;
    cout << "введите ширину и высоту";
    cin >> width >> hight;
    cout << "площадь" << width * hight;*/

    //                             найти среднее из 3 цыфр                       5 дз 
    /*float a, b, c;
    cout << "введите 3 дробных числа";
    cin >> a >> b >> c;
    cout << "среднее" << (a + b + c) / 3 << "\n";*/

    // фарингейт цельсий ам ам ам                                                4 зд

  /*  int celsia;
    cout << "введите градусы в цельсиях";
    cin >> celsia;
    int fahrengeit = celsia * 9 / 5 + 32;
    cout << "Фарингейт" << fahrengeit << "\n";*/
}

